// !$*UTF8*$!
{
	archiveVersion = 1;
	classes = {
	};
	objectVersion = 50;
	objects = {

/* Begin PBXBuildFile section */
		07EDC2F43153249EA980FF6E /* Pods_MVVM_WeatherTests.framework in Frameworks */ = {isa = PBXBuildFile; fileRef = 0124333BCCE1C4449D648256 /* Pods_MVVM_WeatherTests.framework */; };
		5ACD6E0B26CAE7A9953B8F67 /* Pods_MVVM_Weather.framework in Frameworks */ = {isa = PBXBuildFile; fileRef = 5E0277F04EBF7F320F89D50C /* Pods_MVVM_Weather.framework */; };
		FA5AB13A23154A160033D77F /* AppDelegate.swift in Sources */ = {isa = PBXBuildFile; fileRef = FA5AB13923154A160033D77F /* AppDelegate.swift */; };
		FA5AB13C23154A160033D77F /* ViewController.swift in Sources */ = {isa = PBXBuildFile; fileRef = FA5AB13B23154A160033D77F /* ViewController.swift */; };
		FA5AB13F23154A160033D77F /* Main.storyboard in Resources */ = {isa = PBXBuildFile; fileRef = FA5AB13D23154A160033D77F /* Main.storyboard */; };
		FA5AB14123154A160033D77F /* Assets.xcassets in Resources */ = {isa = PBXBuildFile; fileRef = FA5AB14023154A160033D77F /* Assets.xcassets */; };
		FA5AB14423154A160033D77F /* LaunchScreen.storyboard in Resources */ = {isa = PBXBuildFile; fileRef = FA5AB14223154A160033D77F /* LaunchScreen.storyboard */; };
		FA5AB14F23154A170033D77F /* MVVM_WeatherTests.swift in Sources */ = {isa = PBXBuildFile; fileRef = FA5AB14E23154A170033D77F /* MVVM_WeatherTests.swift */; };
		FA5AB16123156E600033D77F /* Prevision.swift in Sources */ = {isa = PBXBuildFile; fileRef = FA5AB16023156E600033D77F /* Prevision.swift */; };
		FAEB96F9231766A00038FED3 /* AppConstants.swift in Sources */ = {isa = PBXBuildFile; fileRef = FAEB96F8231766A00038FED3 /* AppConstants.swift */; };
		FAEB96FB231804C20038FED3 /* LocationUtility.swift in Sources */ = {isa = PBXBuildFile; fileRef = FAEB96FA231804C20038FED3 /* LocationUtility.swift */; };
		FAF31CAA2315892000008374 /* PrevisionTableViewCell.swift in Sources */ = {isa = PBXBuildFile; fileRef = FAF31CA82315892000008374 /* PrevisionTableViewCell.swift */; };
		FAF31CAB2315892000008374 /* PrevisionTableViewCell.xib in Resources */ = {isa = PBXBuildFile; fileRef = FAF31CA92315892000008374 /* PrevisionTableViewCell.xib */; };
		FAF31CAE2315FB8300008374 /* DetailsPrevisionViewController.swift in Sources */ = {isa = PBXBuildFile; fileRef = FAF31CAD2315FB8300008374 /* DetailsPrevisionViewController.swift */; };
		FAF31CB22316910300008374 /* PrevisionsRepository.swift in Sources */ = {isa = PBXBuildFile; fileRef = FAF31CB12316910300008374 /* PrevisionsRepository.swift */; };
		FAF31CC42316958600008374 /* PrevisionsViewModel.swift in Sources */ = {isa = PBXBuildFile; fileRef = FAF31CC32316958600008374 /* PrevisionsViewModel.swift */; };
/* End PBXBuildFile section */

/* Begin PBXContainerItemProxy section */
		FA5AB14B23154A170033D77F /* PBXContainerItemProxy */ = {
			isa = PBXContainerItemProxy;
			containerPortal = FA5AB12E23154A160033D77F /* Project object */;
			proxyType = 1;
			remoteGlobalIDString = FA5AB13523154A160033D77F;
			remoteInfo = "MVVM Weather";
		};
/* End PBXContainerItemProxy section */

/* Begin PBXFileReference section */
		0124333BCCE1C4449D648256 /* Pods_MVVM_WeatherTests.framework */ = {isa = PBXFileReference; explicitFileType = wrapper.framework; includeInIndex = 0; path = Pods_MVVM_WeatherTests.framework; sourceTree = BUILT_PRODUCTS_DIR; };
		02E15778B6139152EC10D7EE /* Pods-MVVM Weather.debug.xcconfig */ = {isa = PBXFileReference; includeInIndex = 1; lastKnownFileType = text.xcconfig; name = "Pods-MVVM Weather.debug.xcconfig"; path = "Target Support Files/Pods-MVVM Weather/Pods-MVVM Weather.debug.xcconfig"; sourceTree = "<group>"; };
		2AC6676C91B6D24D4CB3C04C /* Pods-MVVM Weather.release.xcconfig */ = {isa = PBXFileReference; includeInIndex = 1; lastKnownFileType = text.xcconfig; name = "Pods-MVVM Weather.release.xcconfig"; path = "Target Support Files/Pods-MVVM Weather/Pods-MVVM Weather.release.xcconfig"; sourceTree = "<group>"; };
		3B307EE0B3AC771992D359EE /* Pods-MVVM WeatherTests.debug.xcconfig */ = {isa = PBXFileReference; includeInIndex = 1; lastKnownFileType = text.xcconfig; name = "Pods-MVVM WeatherTests.debug.xcconfig"; path = "Target Support Files/Pods-MVVM WeatherTests/Pods-MVVM WeatherTests.debug.xcconfig"; sourceTree = "<group>"; };
		5E0277F04EBF7F320F89D50C /* Pods_MVVM_Weather.framework */ = {isa = PBXFileReference; explicitFileType = wrapper.framework; includeInIndex = 0; path = Pods_MVVM_Weather.framework; sourceTree = BUILT_PRODUCTS_DIR; };
		8288FECB6BFAB615795E28E7 /* Pods-MVVM WeatherTests.release.xcconfig */ = {isa = PBXFileReference; includeInIndex = 1; lastKnownFileType = text.xcconfig; name = "Pods-MVVM WeatherTests.release.xcconfig"; path = "Target Support Files/Pods-MVVM WeatherTests/Pods-MVVM WeatherTests.release.xcconfig"; sourceTree = "<group>"; };
		FA5AB13623154A160033D77F /* MVVM Weather.app */ = {isa = PBXFileReference; explicitFileType = wrapper.application; includeInIndex = 0; path = "MVVM Weather.app"; sourceTree = BUILT_PRODUCTS_DIR; };
		FA5AB13923154A160033D77F /* AppDelegate.swift */ = {isa = PBXFileReference; lastKnownFileType = sourcecode.swift; path = AppDelegate.swift; sourceTree = "<group>"; };
		FA5AB13B23154A160033D77F /* ViewController.swift */ = {isa = PBXFileReference; lastKnownFileType = sourcecode.swift; path = ViewController.swift; sourceTree = "<group>"; };
		FA5AB13E23154A160033D77F /* Base */ = {isa = PBXFileReference; lastKnownFileType = file.storyboard; name = Base; path = Base.lproj/Main.storyboard; sourceTree = "<group>"; };
		FA5AB14023154A160033D77F /* Assets.xcassets */ = {isa = PBXFileReference; lastKnownFileType = folder.assetcatalog; path = Assets.xcassets; sourceTree = "<group>"; };
		FA5AB14323154A160033D77F /* Base */ = {isa = PBXFileReference; lastKnownFileType = file.storyboard; name = Base; path = Base.lproj/LaunchScreen.storyboard; sourceTree = "<group>"; };
		FA5AB14523154A160033D77F /* Info.plist */ = {isa = PBXFileReference; lastKnownFileType = text.plist.xml; path = Info.plist; sourceTree = "<group>"; };
		FA5AB14A23154A170033D77F /* MVVM WeatherTests.xctest */ = {isa = PBXFileReference; explicitFileType = wrapper.cfbundle; includeInIndex = 0; path = "MVVM WeatherTests.xctest"; sourceTree = BUILT_PRODUCTS_DIR; };
		FA5AB14E23154A170033D77F /* MVVM_WeatherTests.swift */ = {isa = PBXFileReference; lastKnownFileType = sourcecode.swift; path = MVVM_WeatherTests.swift; sourceTree = "<group>"; };
		FA5AB15023154A170033D77F /* Info.plist */ = {isa = PBXFileReference; lastKnownFileType = text.plist.xml; path = Info.plist; sourceTree = "<group>"; };
		FA5AB15E231566380033D77F /* fr */ = {isa = PBXFileReference; lastKnownFileType = text.plist.strings; name = fr; path = fr.lproj/Main.strings; sourceTree = "<group>"; };
		FA5AB15F231566380033D77F /* fr */ = {isa = PBXFileReference; lastKnownFileType = text.plist.strings; name = fr; path = fr.lproj/LaunchScreen.strings; sourceTree = "<group>"; };
		FA5AB16023156E600033D77F /* Prevision.swift */ = {isa = PBXFileReference; lastKnownFileType = sourcecode.swift; path = Prevision.swift; sourceTree = "<group>"; };
		FAEB96F8231766A00038FED3 /* AppConstants.swift */ = {isa = PBXFileReference; lastKnownFileType = sourcecode.swift; path = AppConstants.swift; sourceTree = "<group>"; };
		FAEB96FA231804C20038FED3 /* LocationUtility.swift */ = {isa = PBXFileReference; lastKnownFileType = sourcecode.swift; path = LocationUtility.swift; sourceTree = "<group>"; };
		FAF31CA82315892000008374 /* PrevisionTableViewCell.swift */ = {isa = PBXFileReference; lastKnownFileType = sourcecode.swift; path = PrevisionTableViewCell.swift; sourceTree = "<group>"; };
		FAF31CA92315892000008374 /* PrevisionTableViewCell.xib */ = {isa = PBXFileReference; lastKnownFileType = file.xib; path = PrevisionTableViewCell.xib; sourceTree = "<group>"; };
		FAF31CAD2315FB8300008374 /* DetailsPrevisionViewController.swift */ = {isa = PBXFileReference; lastKnownFileType = sourcecode.swift; path = DetailsPrevisionViewController.swift; sourceTree = "<group>"; };
		FAF31CB12316910300008374 /* PrevisionsRepository.swift */ = {isa = PBXFileReference; lastKnownFileType = sourcecode.swift; path = PrevisionsRepository.swift; sourceTree = "<group>"; };
		FAF31CC32316958600008374 /* PrevisionsViewModel.swift */ = {isa = PBXFileReference; lastKnownFileType = sourcecode.swift; path = PrevisionsViewModel.swift; sourceTree = "<group>"; };
/* End PBXFileReference section */

/* Begin PBXFrameworksBuildPhase section */
		FA5AB13323154A160033D77F /* Frameworks */ = {
			isa = PBXFrameworksBuildPhase;
			buildActionMask = 2147483647;
			files = (
				5ACD6E0B26CAE7A9953B8F67 /* Pods_MVVM_Weather.framework in Frameworks */,
			);
			runOnlyForDeploymentPostprocessing = 0;
		};
		FA5AB14723154A170033D77F /* Frameworks */ = {
			isa = PBXFrameworksBuildPhase;
			buildActionMask = 2147483647;
			files = (
				07EDC2F43153249EA980FF6E /* Pods_MVVM_WeatherTests.framework in Frameworks */,
			);
			runOnlyForDeploymentPostprocessing = 0;
		};
/* End PBXFrameworksBuildPhase section */

/* Begin PBXGroup section */
		BCF667A87EFEDD11165C7D8E /* Frameworks */ = {
			isa = PBXGroup;
			children = (
				5E0277F04EBF7F320F89D50C /* Pods_MVVM_Weather.framework */,
				0124333BCCE1C4449D648256 /* Pods_MVVM_WeatherTests.framework */,
			);
			name = Frameworks;
			sourceTree = "<group>";
		};
		E9630ADE5566E245EBBEBE9F /* Pods */ = {
			isa = PBXGroup;
			children = (
				02E15778B6139152EC10D7EE /* Pods-MVVM Weather.debug.xcconfig */,
				2AC6676C91B6D24D4CB3C04C /* Pods-MVVM Weather.release.xcconfig */,
				3B307EE0B3AC771992D359EE /* Pods-MVVM WeatherTests.debug.xcconfig */,
				8288FECB6BFAB615795E28E7 /* Pods-MVVM WeatherTests.release.xcconfig */,
			);
			path = Pods;
			sourceTree = "<group>";
		};
		FA5AB12D23154A160033D77F = {
			isa = PBXGroup;
			children = (
				FA5AB13823154A160033D77F /* MVVM Weather */,
				FA5AB14D23154A170033D77F /* MVVM WeatherTests */,
				FA5AB13723154A160033D77F /* Products */,
				E9630ADE5566E245EBBEBE9F /* Pods */,
				BCF667A87EFEDD11165C7D8E /* Frameworks */,
			);
			sourceTree = "<group>";
		};
		FA5AB13723154A160033D77F /* Products */ = {
			isa = PBXGroup;
			children = (
				FA5AB13623154A160033D77F /* MVVM Weather.app */,
				FA5AB14A23154A170033D77F /* MVVM WeatherTests.xctest */,
			);
			name = Products;
			sourceTree = "<group>";
		};
		FA5AB13823154A160033D77F /* MVVM Weather */ = {
			isa = PBXGroup;
			children = (
				FAEB96FC23181B8E0038FED3 /* Utility */,
				FAEB96F72317667F0038FED3 /* Common */,
				FAF31CAC2315F4B100008374 /* App */,
				FA5AB15B23154A7F0033D77F /* Model */,
				FA5AB15A23154A700033D77F /* ViewModels */,
				FA5AB15923154A5A0033D77F /* View */,
				FA5AB14523154A160033D77F /* Info.plist */,
				FAF31CAD2315FB8300008374 /* DetailsPrevisionViewController.swift */,
			);
			path = "MVVM Weather";
			sourceTree = "<group>";
		};
		FA5AB14D23154A170033D77F /* MVVM WeatherTests */ = {
			isa = PBXGroup;
			children = (
				FA5AB14E23154A170033D77F /* MVVM_WeatherTests.swift */,
				FA5AB15023154A170033D77F /* Info.plist */,
			);
			path = "MVVM WeatherTests";
			sourceTree = "<group>";
		};
		FA5AB15923154A5A0033D77F /* View */ = {
			isa = PBXGroup;
			children = (
				FAF31CC22316954100008374 /* Previsions */,
				FAF31CB9231692EE00008374 /* CustomView */,
			);
			path = View;
			sourceTree = "<group>";
		};
		FA5AB15A23154A700033D77F /* ViewModels */ = {
			isa = PBXGroup;
			children = (
				FAF31CC32316958600008374 /* PrevisionsViewModel.swift */,
			);
			path = ViewModels;
			sourceTree = "<group>";
		};
		FA5AB15B23154A7F0033D77F /* Model */ = {
			isa = PBXGroup;
			children = (
				FAF31CB02316909B00008374 /* Models */,
				FAF31CAF2316905E00008374 /* Repository */,
			);
			path = Model;
			sourceTree = "<group>";
		};
		FAEB96F72317667F0038FED3 /* Common */ = {
			isa = PBXGroup;
			children = (
				FAEB96F8231766A00038FED3 /* AppConstants.swift */,
			);
			path = Common;
			sourceTree = "<group>";
		};
		FAEB96FC23181B8E0038FED3 /* Utility */ = {
			isa = PBXGroup;
			children = (
				FAEB96FA231804C20038FED3 /* LocationUtility.swift */,
			);
			path = Utility;
			sourceTree = "<group>";
		};
		FAF31CAC2315F4B100008374 /* App */ = {
			isa = PBXGroup;
			children = (
				FA5AB13923154A160033D77F /* AppDelegate.swift */,
				FA5AB14023154A160033D77F /* Assets.xcassets */,
				FA5AB14223154A160033D77F /* LaunchScreen.storyboard */,
			);
			path = App;
			sourceTree = "<group>";
		};
		FAF31CAF2316905E00008374 /* Repository */ = {
			isa = PBXGroup;
			children = (
				FAF31CB12316910300008374 /* PrevisionsRepository.swift */,
			);
			path = Repository;
			sourceTree = "<group>";
		};
		FAF31CB02316909B00008374 /* Models */ = {
			isa = PBXGroup;
			children = (
				FA5AB16023156E600033D77F /* Prevision.swift */,
			);
			path = Models;
			sourceTree = "<group>";
		};
		FAF31CB9231692EE00008374 /* CustomView */ = {
			isa = PBXGroup;
			children = (
				FAF31CBB2316948100008374 /* Cell */,
			);
			path = CustomView;
			sourceTree = "<group>";
		};
		FAF31CBB2316948100008374 /* Cell */ = {
			isa = PBXGroup;
			children = (
				FAF31CA82315892000008374 /* PrevisionTableViewCell.swift */,
				FAF31CA92315892000008374 /* PrevisionTableViewCell.xib */,
			);
			path = Cell;
			sourceTree = "<group>";
		};
		FAF31CC22316954100008374 /* Previsions */ = {
			isa = PBXGroup;
			children = (
				FA5AB13D23154A160033D77F /* Main.storyboard */,
				FA5AB13B23154A160033D77F /* ViewController.swift */,
			);
			path = Previsions;
			sourceTree = "<group>";
		};
/* End PBXGroup section */

/* Begin PBXNativeTarget section */
		FA5AB13523154A160033D77F /* MVVM Weather */ = {
			isa = PBXNativeTarget;
			buildConfigurationList = FA5AB15323154A170033D77F /* Build configuration list for PBXNativeTarget "MVVM Weather" */;
			buildPhases = (
				D91CA727F42CC1241CBF4044 /* [CP] Check Pods Manifest.lock */,
				FA5AB13223154A160033D77F /* Sources */,
				FA5AB13323154A160033D77F /* Frameworks */,
				FA5AB13423154A160033D77F /* Resources */,
				65A8F7195D59F852B634FFE7 /* [CP] Embed Pods Frameworks */,
			);
			buildRules = (
			);
			dependencies = (
			);
			name = "MVVM Weather";
			productName = "MVVM Weather";
			productReference = FA5AB13623154A160033D77F /* MVVM Weather.app */;
			productType = "com.apple.product-type.application";
		};
		FA5AB14923154A170033D77F /* MVVM WeatherTests */ = {
			isa = PBXNativeTarget;
			buildConfigurationList = FA5AB15623154A170033D77F /* Build configuration list for PBXNativeTarget "MVVM WeatherTests" */;
			buildPhases = (
				7ED2C8EB10F8588EDDF3BCBB /* [CP] Check Pods Manifest.lock */,
				FA5AB14623154A170033D77F /* Sources */,
				FA5AB14723154A170033D77F /* Frameworks */,
				FA5AB14823154A170033D77F /* Resources */,
			);
			buildRules = (
			);
			dependencies = (
				FA5AB14C23154A170033D77F /* PBXTargetDependency */,
			);
			name = "MVVM WeatherTests";
			productName = "MVVM WeatherTests";
			productReference = FA5AB14A23154A170033D77F /* MVVM WeatherTests.xctest */;
			productType = "com.apple.product-type.bundle.unit-test";
		};
/* End PBXNativeTarget section */

/* Begin PBXProject section */
		FA5AB12E23154A160033D77F /* Project object */ = {
			isa = PBXProject;
			attributes = {
				LastSwiftUpdateCheck = 1020;
				LastUpgradeCheck = 1020;
				ORGANIZATIONNAME = Macbook;
				TargetAttributes = {
					FA5AB13523154A160033D77F = {
						CreatedOnToolsVersion = 10.2.1;
					};
					FA5AB14923154A170033D77F = {
						CreatedOnToolsVersion = 10.2.1;
						TestTargetID = FA5AB13523154A160033D77F;
					};
				};
			};
			buildConfigurationList = FA5AB13123154A160033D77F /* Build configuration list for PBXProject "MVVM Weather" */;
			compatibilityVersion = "Xcode 9.3";
			developmentRegion = en;
			hasScannedForEncodings = 0;
			knownRegions = (
				en,
				Base,
				fr,
			);
			mainGroup = FA5AB12D23154A160033D77F;
			productRefGroup = FA5AB13723154A160033D77F /* Products */;
			projectDirPath = "";
			projectRoot = "";
			targets = (
				FA5AB13523154A160033D77F /* MVVM Weather */,
				FA5AB14923154A170033D77F /* MVVM WeatherTests */,
			);
		};
/* End PBXProject section */

/* Begin PBXResourcesBuildPhase section */
		FA5AB13423154A160033D77F /* Resources */ = {
			isa = PBXResourcesBuildPhase;
			buildActionMask = 2147483647;
			files = (
				FA5AB14423154A160033D77F /* LaunchScreen.storyboard in Resources */,
				FAF31CAB2315892000008374 /* PrevisionTableViewCell.xib in Resources */,
				FA5AB14123154A160033D77F /* Assets.xcassets in Resources */,
				FA5AB13F23154A160033D77F /* Main.storyboard in Resources */,
			);
			runOnlyForDeploymentPostprocessing = 0;
		};
		FA5AB14823154A170033D77F /* Resources */ = {
			isa = PBXResourcesBuildPhase;
			buildActionMask = 2147483647;
			files = (
			);
			runOnlyForDeploymentPostprocessing = 0;
		};
/* End PBXResourcesBuildPhase section */

/* Begin PBXShellScriptBuildPhase section */
		65A8F7195D59F852B634FFE7 /* [CP] Embed Pods Frameworks */ = {
			isa = PBXShellScriptBuildPhase;
			buildActionMask = 2147483647;
			files = (
			);
			inputFileListPaths = (
			);
			inputPaths = (
				"${PODS_ROOT}/Target Support Files/Pods-MVVM Weather/Pods-MVVM Weather-frameworks.sh",
				"${BUILT_PRODUCTS_DIR}/Alamofire/Alamofire.framework",
				"${BUILT_PRODUCTS_DIR}/AlamofireObjectMapper/AlamofireObjectMapper.framework",
				"${BUILT_PRODUCTS_DIR}/ObjectMapper/ObjectMapper.framework",
				"${BUILT_PRODUCTS_DIR}/SwiftyJSON/SwiftyJSON.framework",
			);
			name = "[CP] Embed Pods Frameworks";
			outputFileListPaths = (
			);
			outputPaths = (
				"${TARGET_BUILD_DIR}/${FRAMEWORKS_FOLDER_PATH}/Alamofire.framework",
				"${TARGET_BUILD_DIR}/${FRAMEWORKS_FOLDER_PATH}/AlamofireObjectMapper.framework",
				"${TARGET_BUILD_DIR}/${FRAMEWORKS_FOLDER_PATH}/ObjectMapper.framework",
				"${TARGET_BUILD_DIR}/${FRAMEWORKS_FOLDER_PATH}/SwiftyJSON.framework",
			);
			runOnlyForDeploymentPostprocessing = 0;
			shellPath = /bin/sh;
			shellScript = "\"${PODS_ROOT}/Target Support Files/Pods-MVVM Weather/Pods-MVVM Weather-frameworks.sh\"\n";
			showEnvVarsInLog = 0;
		};
		7ED2C8EB10F8588EDDF3BCBB /* [CP] Check Pods Manifest.lock */ = {
			isa = PBXShellScriptBuildPhase;
			buildActionMask = 2147483647;
			files = (
			);
			inputFileListPaths = (
			);
			inputPaths = (
				"${PODS_PODFILE_DIR_PATH}/Podfile.lock",
				"${PODS_ROOT}/Manifest.lock",
			);
			name = "[CP] Check Pods Manifest.lock";
			outputFileListPaths = (
			);
			outputPaths = (
				"$(DERIVED_FILE_DIR)/Pods-MVVM WeatherTests-checkManifestLockResult.txt",
			);
			runOnlyForDeploymentPostprocessing = 0;
			shellPath = /bin/sh;
			shellScript = "diff \"${PODS_PODFILE_DIR_PATH}/Podfile.lock\" \"${PODS_ROOT}/Manifest.lock\" > /dev/null\nif [ $? != 0 ] ; then\n    # print error to STDERR\n    echo \"error: The sandbox is not in sync with the Podfile.lock. Run 'pod install' or update your CocoaPods installation.\" >&2\n    exit 1\nfi\n# This output is used by Xcode 'outputs' to avoid re-running this script phase.\necho \"SUCCESS\" > \"${SCRIPT_OUTPUT_FILE_0}\"\n";
			showEnvVarsInLog = 0;
		};
		D91CA727F42CC1241CBF4044 /* [CP] Check Pods Manifest.lock */ = {
			isa = PBXShellScriptBuildPhase;
			buildActionMask = 2147483647;
			files = (
			);
			inputFileListPaths = (
			);
			inputPaths = (
				"${PODS_PODFILE_DIR_PATH}/Podfile.lock",
				"${PODS_ROOT}/Manifest.lock",
			);
			name = "[CP] Check Pods Manifest.lock";
			outputFileListPaths = (
			);
			outputPaths = (
				"$(DERIVED_FILE_DIR)/Pods-MVVM Weather-checkManifestLockResult.txt",
			);
			runOnlyForDeploymentPostprocessing = 0;
			shellPath = /bin/sh;
			shellScript = "diff \"${PODS_PODFILE_DIR_PATH}/Podfile.lock\" \"${PODS_ROOT}/Manifest.lock\" > /dev/null\nif [ $? != 0 ] ; then\n    # print error to STDERR\n    echo \"error: The sandbox is not in sync with the Podfile.lock. Run 'pod install' or update your CocoaPods installation.\" >&2\n    exit 1\nfi\n# This output is used by Xcode 'outputs' to avoid re-running this script phase.\necho \"SUCCESS\" > \"${SCRIPT_OUTPUT_FILE_0}\"\n";
			showEnvVarsInLog = 0;
		};
/* End PBXShellScriptBuildPhase section */

/* Begin PBXSourcesBuildPhase section */
		FA5AB13223154A160033D77F /* Sources */ = {
			isa = PBXSourcesBuildPhase;
			buildActionMask = 2147483647;
			files = (
				FAF31CAA2315892000008374 /* PrevisionTableViewCell.swift in Sources */,
				FAF31CAE2315FB8300008374 /* DetailsPrevisionViewController.swift in Sources */,
				FA5AB16123156E600033D77F /* Prevision.swift in Sources */,
				FA5AB13C23154A160033D77F /* ViewController.swift in Sources */,
				FAEB96FB231804C20038FED3 /* LocationUtility.swift in Sources */,
				FAEB96F9231766A00038FED3 /* AppConstants.swift in Sources */,
				FA5AB13A23154A160033D77F /* AppDelegate.swift in Sources */,
				FAF31CC42316958600008374 /* PrevisionsViewModel.swift in Sources */,
				FAF31CB22316910300008374 /* PrevisionsRepository.swift in Sources */,
			);
			runOnlyForDeploymentPostprocessing = 0;
		};
		FA5AB14623154A170033D77F /* Sources */ = {
			isa = PBXSourcesBuildPhase;
			buildActionMask = 2147483647;
			files = (
				FA5AB14F23154A170033D77F /* MVVM_WeatherTests.swift in Sources */,
			);
			runOnlyForDeploymentPostprocessing = 0;
		};
/* End PBXSourcesBuildPhase section */

/* Begin PBXTargetDependency section */
		FA5AB14C23154A170033D77F /* PBXTargetDependency */ = {
			isa = PBXTargetDependency;
			target = FA5AB13523154A160033D77F /* MVVM Weather */;
			targetProxy = FA5AB14B23154A170033D77F /* PBXContainerItemProxy */;
		};
/* End PBXTargetDependency section */

/* Begin PBXVariantGroup section */
		FA5AB13D23154A160033D77F /* Main.storyboard */ = {
			isa = PBXVariantGroup;
			children = (
				FA5AB13E23154A160033D77F /* Base */,
				FA5AB15E231566380033D77F /* fr */,
			);
			name = Main.storyboard;
			sourceTree = "<group>";
		};
		FA5AB14223154A160033D77F /* LaunchScreen.storyboard */ = {
			isa = PBXVariantGroup;
			children = (
				FA5AB14323154A160033D77F /* Base */,
				FA5AB15F231566380033D77F /* fr */,
			);
			name = LaunchScreen.storyboard;
			sourceTree = "<group>";
		};
/* End PBXVariantGroup section */

/* Begin XCBuildConfiguration section */
		FA5AB15123154A170033D77F /* Debug */ = {
			isa = XCBuildConfiguration;
			buildSettings = {
				ALWAYS_SEARCH_USER_PATHS = NO;
				CLANG_ANALYZER_LOCALIZABILITY_NONLOCALIZED = YES;
				CLANG_ANALYZER_NONNULL = YES;
				CLANG_ANALYZER_NUMBER_OBJECT_CONVERSION = YES_AGGRESSIVE;
				CLANG_CXX_LANGUAGE_STANDARD = "gnu++14";
				CLANG_CXX_LIBRARY = "libc++";
				CLANG_ENABLE_MODULES = YES;
				CLANG_ENABLE_OBJC_ARC = YES;
				CLANG_ENABLE_OBJC_WEAK = YES;
				CLANG_WARN_BLOCK_CAPTURE_AUTORELEASING = YES;
				CLANG_WARN_BOOL_CONVERSION = YES;
				CLANG_WARN_COMMA = YES;
				CLANG_WARN_CONSTANT_CONVERSION = YES;
				CLANG_WARN_DEPRECATED_OBJC_IMPLEMENTATIONS = YES;
				CLANG_WARN_DIRECT_OBJC_ISA_USAGE = YES_ERROR;
				CLANG_WARN_DOCUMENTATION_COMMENTS = YES;
				CLANG_WARN_EMPTY_BODY = YES;
				CLANG_WARN_ENUM_CONVERSION = YES;
				CLANG_WARN_INFINITE_RECURSION = YES;
				CLANG_WARN_INT_CONVERSION = YES;
				CLANG_WARN_NON_LITERAL_NULL_CONVERSION = YES;
				CLANG_WARN_OBJC_IMPLICIT_RETAIN_SELF = YES;
				CLANG_WARN_OBJC_LITERAL_CONVERSION = YES;
				CLANG_WARN_OBJC_ROOT_CLASS = YES_ERROR;
				CLANG_WARN_RANGE_LOOP_ANALYSIS = YES;
				CLANG_WARN_STRICT_PROTOTYPES = YES;
				CLANG_WARN_SUSPICIOUS_MOVE = YES;
				CLANG_WARN_UNGUARDED_AVAILABILITY = YES_AGGRESSIVE;
				CLANG_WARN_UNREACHABLE_CODE = YES;
				CLANG_WARN__DUPLICATE_METHOD_MATCH = YES;
				CODE_SIGN_IDENTITY = "iPhone Developer";
				COPY_PHASE_STRIP = NO;
				DEBUG_INFORMATION_FORMAT = dwarf;
				ENABLE_STRICT_OBJC_MSGSEND = YES;
				ENABLE_TESTABILITY = YES;
				GCC_C_LANGUAGE_STANDARD = gnu11;
				GCC_DYNAMIC_NO_PIC = NO;
				GCC_NO_COMMON_BLOCKS = YES;
				GCC_OPTIMIZATION_LEVEL = 0;
				GCC_PREPROCESSOR_DEFINITIONS = (
					"DEBUG=1",
					"$(inherited)",
				);
				GCC_WARN_64_TO_32_BIT_CONVERSION = YES;
				GCC_WARN_ABOUT_RETURN_TYPE = YES_ERROR;
				GCC_WARN_UNDECLARED_SELECTOR = YES;
				GCC_WARN_UNINITIALIZED_AUTOS = YES_AGGRESSIVE;
				GCC_WARN_UNUSED_FUNCTION = YES;
				GCC_WARN_UNUSED_VARIABLE = YES;
				IPHONEOS_DEPLOYMENT_TARGET = 12.2;
				MTL_ENABLE_DEBUG_INFO = INCLUDE_SOURCE;
				MTL_FAST_MATH = YES;
				ONLY_ACTIVE_ARCH = YES;
				SDKROOT = iphoneos;
				SWIFT_ACTIVE_COMPILATION_CONDITIONS = DEBUG;
				SWIFT_OPTIMIZATION_LEVEL = "-Onone";
			};
			name = Debug;
		};
		FA5AB15223154A170033D77F /* Release */ = {
			isa = XCBuildConfiguration;
			buildSettings = {
				ALWAYS_SEARCH_USER_PATHS = NO;
				CLANG_ANALYZER_LOCALIZABILITY_NONLOCALIZED = YES;
				CLANG_ANALYZER_NONNULL = YES;
				CLANG_ANALYZER_NUMBER_OBJECT_CONVERSION = YES_AGGRESSIVE;
				CLANG_CXX_LANGUAGE_STANDARD = "gnu++14";
				CLANG_CXX_LIBRARY = "libc++";
				CLANG_ENABLE_MODULES = YES;
				CLANG_ENABLE_OBJC_ARC = YES;
				CLANG_ENABLE_OBJC_WEAK = YES;
				CLANG_WARN_BLOCK_CAPTURE_AUTORELEASING = YES;
				CLANG_WARN_BOOL_CONVERSION = YES;
				CLANG_WARN_COMMA = YES;
				CLANG_WARN_CONSTANT_CONVERSION = YES;
				CLANG_WARN_DEPRECATED_OBJC_IMPLEMENTATIONS = YES;
				CLANG_WARN_DIRECT_OBJC_ISA_USAGE = YES_ERROR;
				CLANG_WARN_DOCUMENTATION_COMMENTS = YES;
				CLANG_WARN_EMPTY_BODY = YES;
				CLANG_WARN_ENUM_CONVERSION = YES;
				CLANG_WARN_INFINITE_RECURSION = YES;
				CLANG_WARN_INT_CONVERSION = YES;
				CLANG_WARN_NON_LITERAL_NULL_CONVERSION = YES;
				CLANG_WARN_OBJC_IMPLICIT_RETAIN_SELF = YES;
				CLANG_WARN_OBJC_LITERAL_CONVERSION = YES;
				CLANG_WARN_OBJC_ROOT_CLASS = YES_ERROR;
				CLANG_WARN_RANGE_LOOP_ANALYSIS = YES;
				CLANG_WARN_STRICT_PROTOTYPES = YES;
				CLANG_WARN_SUSPICIOUS_MOVE = YES;
				CLANG_WARN_UNGUARDED_AVAILABILITY = YES_AGGRESSIVE;
				CLANG_WARN_UNREACHABLE_CODE = YES;
				CLANG_WARN__DUPLICATE_METHOD_MATCH = YES;
				CODE_SIGN_IDENTITY = "iPhone Developer";
				COPY_PHASE_STRIP = NO;
				DEBUG_INFORMATION_FORMAT = "dwarf-with-dsym";
				ENABLE_NS_ASSERTIONS = NO;
				ENABLE_STRICT_OBJC_MSGSEND = YES;
				GCC_C_LANGUAGE_STANDARD = gnu11;
				GCC_NO_COMMON_BLOCKS = YES;
				GCC_WARN_64_TO_32_BIT_CONVERSION = YES;
				GCC_WARN_ABOUT_RETURN_TYPE = YES_ERROR;
				GCC_WARN_UNDECLARED_SELECTOR = YES;
				GCC_WARN_UNINITIALIZED_AUTOS = YES_AGGRESSIVE;
				GCC_WARN_UNUSED_FUNCTION = YES;
				GCC_WARN_UNUSED_VARIABLE = YES;
				IPHONEOS_DEPLOYMENT_TARGET = 12.2;
				MTL_ENABLE_DEBUG_INFO = NO;
				MTL_FAST_MATH = YES;
				SDKROOT = iphoneos;
				SWIFT_COMPILATION_MODE = wholemodule;
				SWIFT_OPTIMIZATION_LEVEL = "-O";
				VALIDATE_PRODUCT = YES;
			};
			name = Release;
		};
		FA5AB15423154A170033D77F /* Debug */ = {
			isa = XCBuildConfiguration;
			baseConfigurationReference = 02E15778B6139152EC10D7EE /* Pods-MVVM Weather.debug.xcconfig */;
			buildSettings = {
				ASSETCATALOG_COMPILER_APPICON_NAME = "AppIcon-1";
				CODE_SIGN_STYLE = Automatic;
				DEVELOPMENT_TEAM = S4MXXS4BQ6;
				INFOPLIST_FILE = "MVVM Weather/Info.plist";
				IPHONEOS_DEPLOYMENT_TARGET = 10.1;
				LD_RUNPATH_SEARCH_PATHS = (
					"$(inherited)",
					"@executable_path/Frameworks",
				);
				PRODUCT_BUNDLE_IDENTIFIER = "Faissal.MVVM-Weather";
				PRODUCT_NAME = "$(TARGET_NAME)";
				SWIFT_VERSION = 5.0;
				TARGETED_DEVICE_FAMILY = "1,2";
			};
			name = Debug;
		};
		FA5AB15523154A170033D77F /* Release */ = {
			isa = XCBuildConfiguration;
			baseConfigurationReference = 2AC6676C91B6D24D4CB3C04C /* Pods-MVVM Weather.release.xcconfig */;
			buildSettings = {
				ASSETCATALOG_COMPILER_APPICON_NAME = "AppIcon-1";
				CODE_SIGN_STYLE = Automatic;
				DEVELOPMENT_TEAM = S4MXXS4BQ6;
				INFOPLIST_FILE = "MVVM Weather/Info.plist";
				IPHONEOS_DEPLOYMENT_TARGET = 10.1;
				LD_RUNPATH_SEARCH_PATHS = (
					"$(inherited)",
					"@executable_path/Frameworks",
				);
				PRODUCT_BUNDLE_IDENTIFIER = "Faissal.MVVM-Weather";
				PRODUCT_NAME = "$(TARGET_NAME)";
				SWIFT_VERSION = 5.0;
				TARGETED_DEVICE_FAMILY = "1,2";
			};
			name = Release;
		};
		FA5AB15723154A170033D77F /* Debug */ = {
			isa = XCBuildConfiguration;
			baseConfigurationReference = 3B307EE0B3AC771992D359EE /* Pods-MVVM WeatherTests.debug.xcconfig */;
			buildSettings = {
				ALWAYS_EMBED_SWIFT_STANDARD_LIBRARIES = YES;
				BUNDLE_LOADER = "$(TEST_HOST)";
				CODE_SIGN_STYLE = Automatic;
				DEVELOPMENT_TEAM = S4MXXS4BQ6;
				INFOPLIST_FILE = "MVVM WeatherTests/Info.plist";
				LD_RUNPATH_SEARCH_PATHS = (
					"$(inherited)",
					"@executable_path/Frameworks",
					"@loader_path/Frameworks",
				);
				PRODUCT_BUNDLE_IDENTIFIER = "Faissal.MVVM-WeatherTests";
				PRODUCT_NAME = "$(TARGET_NAME)";
				SWIFT_VERSION = 5.0;
				TARGETED_DEVICE_FAMILY = "1,2";
				TEST_HOST = "$(BUILT_PRODUCTS_DIR)/MVVM Weather.app/MVVM Weather";
			};
			name = Debug;
		};
		FA5AB15823154A170033D77F /* Release */ = {
			isa = XCBuildConfiguration;
			baseConfigurationReference = 8288FECB6BFAB615795E28E7 /* Pods-MVVM WeatherTests.release.xcconfig */;
			buildSettings = {
				ALWAYS_EMBED_SWIFT_STANDARD_LIBRARIES = YES;
				BUNDLE_LOADER = "$(TEST_HOST)";
				CODE_SIGN_STYLE = Automatic;
				DEVELOPMENT_TEAM = S4MXXS4BQ6;
				INFOPLIST_FILE = "MVVM WeatherTests/Info.plist";
				LD_RUNPATH_SEARCH_PATHS = (
					"$(inherited)",
					"@executable_path/Frameworks",
					"@loader_path/Frameworks",
				);
				PRODUCT_BUNDLE_IDENTIFIER = "Faissal.MVVM-WeatherTests";
				PRODUCT_NAME = "$(TARGET_NAME)";
				SWIFT_VERSION = 5.0;
				TARGETED_DEVICE_FAMILY = "1,2";
				TEST_HOST = "$(BUILT_PRODUCTS_DIR)/MVVM Weather.app/MVVM Weather";
			};
			name = Release;
		};
/* End XCBuildConfiguration section */

/* Begin XCConfigurationList section */
		FA5AB13123154A160033D77F /* Build configuration list for PBXProject "MVVM Weather" */ = {
			isa = XCConfigurationList;
			buildConfigurations = (
				FA5AB15123154A170033D77F /* Debug */,
				FA5AB15223154A170033D77F /* Release */,
			);
			defaultConfigurationIsVisible = 0;
			defaultConfigurationName = Release;
		};
		FA5AB15323154A170033D77F /* Build configuration list for PBXNativeTarget "MVVM Weather" */ = {
			isa = XCConfigurationList;
			buildConfigurations = (
				FA5AB15423154A170033D77F /* Debug */,
				FA5AB15523154A170033D77F /* Release */,
			);
			defaultConfigurationIsVisible = 0;
			defaultConfigurationName = Release;
		};
		FA5AB15623154A170033D77F /* Build configuration list for PBXNativeTarget "MVVM WeatherTests" */ = {
			isa = XCConfigurationList;
			buildConfigurations = (
				FA5AB15723154A170033D77F /* Debug */,
				FA5AB15823154A170033D77F /* Release */,
			);
			defaultConfigurationIsVisible = 0;
			defaultConfigurationName = Release;
		};
/* End XCConfigurationList section */
	};
	rootObject = FA5AB12E23154A160033D77F /* Project object */;
}
